// !$*UTF8*$!
{
	archiveVersion = 1;
	classes = {
	};
	objectVersion = 46;
	objects = {

/* Begin PBXBuildFile section */
		7FA5A4F01AE9993900836640 /* AppDelegate.swift in Sources */ = {isa = PBXBuildFile; fileRef = 7FA5A4EF1AE9993900836640 /* AppDelegate.swift */; };
		7FA5A4F21AE9993900836640 /* RecordSoundsViewController.swift in Sources */ = {isa = PBXBuildFile; fileRef = 7FA5A4F11AE9993900836640 /* RecordSoundsViewController.swift */; };
		7FA5A4F51AE9993900836640 /* Main.storyboard in Resources */ = {isa = PBXBuildFile; fileRef = 7FA5A4F31AE9993900836640 /* Main.storyboard */; };
		7FA5A4F71AE9993900836640 /* Images.xcassets in Resources */ = {isa = PBXBuildFile; fileRef = 7FA5A4F61AE9993900836640 /* Images.xcassets */; };
		7FA5A4FA1AE9993900836640 /* LaunchScreen.xib in Resources */ = {isa = PBXBuildFile; fileRef = 7FA5A4F81AE9993900836640 /* LaunchScreen.xib */; };
		7FA5A5061AE9993900836640 /* Pitch_PerfectTests.swift in Sources */ = {isa = PBXBuildFile; fileRef = 7FA5A5051AE9993900836640 /* Pitch_PerfectTests.swift */; };
		7FBB09411AF955F900EF446F /* PlaySoundViewController.swift in Sources */ = {isa = PBXBuildFile; fileRef = 7FBB09401AF955F900EF446F /* PlaySoundViewController.swift */; };
		7FBB09431AF96CCE00EF446F /* movie_quote.mp3 in Resources */ = {isa = PBXBuildFile; fileRef = 7FBB09421AF96CCE00EF446F /* movie_quote.mp3 */; };
		7FBB09451AF96D2E00EF446F /* sounds in Resources */ = {isa = PBXBuildFile; fileRef = 7FBB09441AF96D2E00EF446F /* sounds */; };
		7FDB7B971AFBD96E00EC9841 /* RecordedAudio.swift in Sources */ = {isa = PBXBuildFile; fileRef = 7FDB7B961AFBD96E00EC9841 /* RecordedAudio.swift */; };
/* End PBXBuildFile section */

/* Begin PBXContainerItemProxy section */
		7FA5A5001AE9993900836640 /* PBXContainerItemProxy */ = {
			isa = PBXContainerItemProxy;
			containerPortal = 7FA5A4E21AE9993900836640 /* Project object */;
			proxyType = 1;
			remoteGlobalIDString = 7FA5A4E91AE9993900836640;
			remoteInfo = "Pitch Perfect";
		};
/* End PBXContainerItemProxy section */

/* Begin PBXFileReference section */
		7FA5A4EA1AE9993900836640 /* Pitch Perfect.app */ = {isa = PBXFileReference; explicitFileType = wrapper.application; includeInIndex = 0; path = "Pitch Perfect.app"; sourceTree = BUILT_PRODUCTS_DIR; };
		7FA5A4EE1AE9993900836640 /* Info.plist */ = {isa = PBXFileReference; lastKnownFileType = text.plist.xml; path = Info.plist; sourceTree = "<group>"; };
		7FA5A4EF1AE9993900836640 /* AppDelegate.swift */ = {isa = PBXFileReference; lastKnownFileType = sourcecode.swift; path = AppDelegate.swift; sourceTree = "<group>"; };
		7FA5A4F11AE9993900836640 /* RecordSoundsViewController.swift */ = {isa = PBXFileReference; lastKnownFileType = sourcecode.swift; path = RecordSoundsViewController.swift; sourceTree = "<group>"; };
		7FA5A4F41AE9993900836640 /* Base */ = {isa = PBXFileReference; lastKnownFileType = file.storyboard; name = Base; path = Base.lproj/Main.storyboard; sourceTree = "<group>"; };
		7FA5A4F61AE9993900836640 /* Images.xcassets */ = {isa = PBXFileReference; lastKnownFileType = folder.assetcatalog; path = Images.xcassets; sourceTree = "<group>"; };
		7FA5A4F91AE9993900836640 /* Base */ = {isa = PBXFileReference; lastKnownFileType = file.xib; name = Base; path = Base.lproj/LaunchScreen.xib; sourceTree = "<group>"; };
		7FA5A4FF1AE9993900836640 /* Pitch PerfectTests.xctest */ = {isa = PBXFileReference; explicitFileType = wrapper.cfbundle; includeInIndex = 0; path = "Pitch PerfectTests.xctest"; sourceTree = BUILT_PRODUCTS_DIR; };
		7FA5A5041AE9993900836640 /* Info.plist */ = {isa = PBXFileReference; lastKnownFileType = text.plist.xml; path = Info.plist; sourceTree = "<group>"; };
		7FA5A5051AE9993900836640 /* Pitch_PerfectTests.swift */ = {isa = PBXFileReference; lastKnownFileType = sourcecode.swift; path = Pitch_PerfectTests.swift; sourceTree = "<group>"; };
		7FBB09401AF955F900EF446F /* PlaySoundViewController.swift */ = {isa = PBXFileReference; fileEncoding = 4; lastKnownFileType = sourcecode.swift; path = PlaySoundViewController.swift; sourceTree = "<group>"; };
		7FBB09421AF96CCE00EF446F /* movie_quote.mp3 */ = {isa = PBXFileReference; lastKnownFileType = audio.mp3; name = movie_quote.mp3; path = sounds/movie_quote.mp3; sourceTree = SOURCE_ROOT; };
		7FBB09441AF96D2E00EF446F /* sounds */ = {isa = PBXFileReference; lastKnownFileType = folder; path = sounds; sourceTree = "<group>"; };
		7FDB7B961AFBD96E00EC9841 /* RecordedAudio.swift */ = {isa = PBXFileReference; fileEncoding = 4; lastKnownFileType = sourcecode.swift; path = RecordedAudio.swift; sourceTree = "<group>"; };
/* End PBXFileReference section */

/* Begin PBXFrameworksBuildPhase section */
		7FA5A4E71AE9993900836640 /* Frameworks */ = {
			isa = PBXFrameworksBuildPhase;
			buildActionMask = 2147483647;
			files = (
			);
			runOnlyForDeploymentPostprocessing = 0;
		};
		7FA5A4FC1AE9993900836640 /* Frameworks */ = {
			isa = PBXFrameworksBuildPhase;
			buildActionMask = 2147483647;
			files = (
			);
			runOnlyForDeploymentPostprocessing = 0;
		};
/* End PBXFrameworksBuildPhase section */

/* Begin PBXGroup section */
		7FA5A4E11AE9993900836640 = {
			isa = PBXGroup;
			children = (
				7FBB09441AF96D2E00EF446F /* sounds */,
				7FA5A4EC1AE9993900836640 /* Pitch Perfect */,
				7FA5A5021AE9993900836640 /* Pitch PerfectTests */,
				7FA5A4EB1AE9993900836640 /* Products */,
			);
			sourceTree = "<group>";
		};
		7FA5A4EB1AE9993900836640 /* Products */ = {
			isa = PBXGroup;
			children = (
				7FA5A4EA1AE9993900836640 /* Pitch Perfect.app */,
				7FA5A4FF1AE9993900836640 /* Pitch PerfectTests.xctest */,
			);
			name = Products;
			sourceTree = "<group>";
		};
		7FA5A4EC1AE9993900836640 /* Pitch Perfect */ = {
			isa = PBXGroup;
			children = (
				7FA5A4EF1AE9993900836640 /* AppDelegate.swift */,
				7FA5A4F11AE9993900836640 /* RecordSoundsViewController.swift */,
				7FDB7B961AFBD96E00EC9841 /* RecordedAudio.swift */,
				7FA5A4F31AE9993900836640 /* Main.storyboard */,
				7FBB09401AF955F900EF446F /* PlaySoundViewController.swift */,
				7FA5A4F61AE9993900836640 /* Images.xcassets */,
				7FA5A4F81AE9993900836640 /* LaunchScreen.xib */,
				7FA5A4ED1AE9993900836640 /* Supporting Files */,
			);
			path = "Pitch Perfect";
			sourceTree = "<group>";
		};
		7FA5A4ED1AE9993900836640 /* Supporting Files */ = {
			isa = PBXGroup;
			children = (
				7FBB09421AF96CCE00EF446F /* movie_quote.mp3 */,
				7FA5A4EE1AE9993900836640 /* Info.plist */,
			);
			name = "Supporting Files";
			sourceTree = "<group>";
		};
		7FA5A5021AE9993900836640 /* Pitch PerfectTests */ = {
			isa = PBXGroup;
			children = (
				7FA5A5051AE9993900836640 /* Pitch_PerfectTests.swift */,
				7FA5A5031AE9993900836640 /* Supporting Files */,
			);
			path = "Pitch PerfectTests";
			sourceTree = "<group>";
		};
		7FA5A5031AE9993900836640 /* Supporting Files */ = {
			isa = PBXGroup;
			children = (
				7FA5A5041AE9993900836640 /* Info.plist */,
			);
			name = "Supporting Files";
			sourceTree = "<group>";
		};
/* End PBXGroup section */

/* Begin PBXNativeTarget section */
		7FA5A4E91AE9993900836640 /* Pitch Perfect */ = {
			isa = PBXNativeTarget;
			buildConfigurationList = 7FA5A5091AE9993900836640 /* Build configuration list for PBXNativeTarget "Pitch Perfect" */;
			buildPhases = (
				7FA5A4E61AE9993900836640 /* Sources */,
				7FA5A4E71AE9993900836640 /* Frameworks */,
				7FA5A4E81AE9993900836640 /* Resources */,
			);
			buildRules = (
			);
			dependencies = (
			);
			name = "Pitch Perfect";
			productName = "Pitch Perfect";
			productReference = 7FA5A4EA1AE9993900836640 /* Pitch Perfect.app */;
			productType = "com.apple.product-type.application";
		};
		7FA5A4FE1AE9993900836640 /* Pitch PerfectTests */ = {
			isa = PBXNativeTarget;
			buildConfigurationList = 7FA5A50C1AE9993900836640 /* Build configuration list for PBXNativeTarget "Pitch PerfectTests" */;
			buildPhases = (
				7FA5A4FB1AE9993900836640 /* Sources */,
				7FA5A4FC1AE9993900836640 /* Frameworks */,
				7FA5A4FD1AE9993900836640 /* Resources */,
			);
			buildRules = (
			);
			dependencies = (
				7FA5A5011AE9993900836640 /* PBXTargetDependency */,
			);
			name = "Pitch PerfectTests";
			productName = "Pitch PerfectTests";
			productReference = 7FA5A4FF1AE9993900836640 /* Pitch PerfectTests.xctest */;
			productType = "com.apple.product-type.bundle.unit-test";
		};
/* End PBXNativeTarget section */

/* Begin PBXProject section */
		7FA5A4E21AE9993900836640 /* Project object */ = {
			isa = PBXProject;
			attributes = {
				LastUpgradeCheck = 0630;
				ORGANIZATIONNAME = Cognits;
				TargetAttributes = {
					7FA5A4E91AE9993900836640 = {
						CreatedOnToolsVersion = 6.3.1;
					};
					7FA5A4FE1AE9993900836640 = {
						CreatedOnToolsVersion = 6.3.1;
						TestTargetID = 7FA5A4E91AE9993900836640;
					};
				};
			};
			buildConfigurationList = 7FA5A4E51AE9993900836640 /* Build configuration list for PBXProject "Pitch Perfect" */;
			compatibilityVersion = "Xcode 3.2";
			developmentRegion = English;
			hasScannedForEncodings = 0;
			knownRegions = (
				en,
				Base,
			);
			mainGroup = 7FA5A4E11AE9993900836640;
			productRefGroup = 7FA5A4EB1AE9993900836640 /* Products */;
			projectDirPath = "";
			projectRoot = "";
			targets = (
				7FA5A4E91AE9993900836640 /* Pitch Perfect */,
				7FA5A4FE1AE9993900836640 /* Pitch PerfectTests */,
			);
		};
/* End PBXProject section */

/* Begin PBXResourcesBuildPhase section */
		7FA5A4E81AE9993900836640 /* Resources */ = {
			isa = PBXResourcesBuildPhase;
			buildActionMask = 2147483647;
			files = (
				7FBB09451AF96D2E00EF446F /* sounds in Resources */,
				7FA5A4F51AE9993900836640 /* Main.storyboard in Resources */,
				7FA5A4FA1AE9993900836640 /* LaunchScreen.xib in Resources */,
				7FBB09431AF96CCE00EF446F /* movie_quote.mp3 in Resources */,
				7FA5A4F71AE9993900836640 /* Images.xcassets in Resources */,
			);
			runOnlyForDeploymentPostprocessing = 0;
		};
		7FA5A4FD1AE9993900836640 /* Resources */ = {
			isa = PBXResourcesBuildPhase;
			buildActionMask = 2147483647;
			files = (
			);
			runOnlyForDeploymentPostprocessing = 0;
		};
/* End PBXResourcesBuildPhase section */

/* Begin PBXSourcesBuildPhase section */
		7FA5A4E61AE9993900836640 /* Sources */ = {
			isa = PBXSourcesBuildPhase;
			buildActionMask = 2147483647;
			files = (
				7FDB7B971AFBD96E00EC9841 /* RecordedAudio.swift in Sources */,
				7FA5A4F21AE9993900836640 /* RecordSoundsViewController.swift in Sources */,
				7FBB09411AF955F900EF446F /* PlaySoundViewController.swift in Sources */,
				7FA5A4F01AE9993900836640 /* AppDelegate.swift in Sources */,
			);
			runOnlyForDeploymentPostprocessing = 0;
		};
		7FA5A4FB1AE9993900836640 /* Sources */ = {
			isa = PBXSourcesBuildPhase;
			buildActionMask = 2147483647;
			files = (
				7FA5A5061AE9993900836640 /* Pitch_PerfectTests.swift in Sources */,
			);
			runOnlyForDeploymentPostprocessing = 0;
		};
/* End PBXSourcesBuildPhase section */

/* Begin PBXTargetDependency section */
		7FA5A5011AE9993900836640 /* PBXTargetDependency */ = {
			isa = PBXTargetDependency;
			target = 7FA5A4E91AE9993900836640 /* Pitch Perfect */;
			targetProxy = 7FA5A5001AE9993900836640 /* PBXContainerItemProxy */;
		};
/* End PBXTargetDependency section */

/* Begin PBXVariantGroup section */
		7FA5A4F31AE9993900836640 /* Main.storyboard */ = {
			isa = PBXVariantGroup;
			children = (
				7FA5A4F41AE9993900836640 /* Base */,
			);
			name = Main.storyboard;
			sourceTree = "<group>";
		};
		7FA5A4F81AE9993900836640 /* LaunchScreen.xib */ = {
			isa = PBXVariantGroup;
			children = (
				7FA5A4F91AE9993900836640 /* Base */,
			);
			name = LaunchScreen.xib;
			sourceTree = "<group>";
		};
/* End PBXVariantGroup section */

/* Begin XCBuildConfiguration section */
		7FA5A5071AE9993900836640 /* Debug */ = {
			isa = XCBuildConfiguration;
			buildSettings = {
				ALWAYS_SEARCH_USER_PATHS = NO;
				CLANG_CXX_LANGUAGE_STANDARD = "gnu++0x";
				CLANG_CXX_LIBRARY = "libc++";
				CLANG_ENABLE_MODULES = YES;
				CLANG_ENABLE_OBJC_ARC = YES;
				CLANG_WARN_BOOL_CONVERSION = YES;
				CLANG_WARN_CONSTANT_CONVERSION = YES;
				CLANG_WARN_DIRECT_OBJC_ISA_USAGE = YES_ERROR;
				CLANG_WARN_EMPTY_BODY = YES;
				CLANG_WARN_ENUM_CONVERSION = YES;
				CLANG_WARN_INT_CONVERSION = YES;
				CLANG_WARN_OBJC_ROOT_CLASS = YES_ERROR;
				CLANG_WARN_UNREACHABLE_CODE = YES;
				CLANG_WARN__DUPLICATE_METHOD_MATCH = YES;
				"CODE_SIGN_IDENTITY[sdk=iphoneos*]" = "iPhone Developer";
				COPY_PHASE_STRIP = NO;
				DEBUG_INFORMATION_FORMAT = "dwarf-with-dsym";
				ENABLE_STRICT_OBJC_MSGSEND = YES;
				GCC_C_LANGUAGE_STANDARD = gnu99;
				GCC_DYNAMIC_NO_PIC = NO;
				GCC_NO_COMMON_BLOCKS = YES;
				GCC_OPTIMIZATION_LEVEL = 0;
				GCC_PREPROCESSOR_DEFINITIONS = (
					"DEBUG=1",
					"$(inherited)",
				);
				GCC_SYMBOLS_PRIVATE_EXTERN = NO;
				GCC_WARN_64_TO_32_BIT_CONVERSION = YES;
				GCC_WARN_ABOUT_RETURN_TYPE = YES_ERROR;
				GCC_WARN_UNDECLARED_SELECTOR = YES;
				GCC_WARN_UNINITIALIZED_AUTOS = YES_AGGRESSIVE;
				GCC_WARN_UNUSED_FUNCTION = YES;
				GCC_WARN_UNUSED_VARIABLE = YES;
				IPHONEOS_DEPLOYMENT_TARGET = 8.3;
				MTL_ENABLE_DEBUG_INFO = YES;
				ONLY_ACTIVE_ARCH = YES;
				SDKROOT = iphoneos;
				SWIFT_OPTIMIZATION_LEVEL = "-Onone";
			};
			name = Debug;
		};
		7FA5A5081AE9993900836640 /* Release */ = {
			isa = XCBuildConfiguration;
			buildSettings = {
				ALWAYS_SEARCH_USER_PATHS = NO;
				CLANG_CXX_LANGUAGE_STANDARD = "gnu++0x";
				CLANG_CXX_LIBRARY = "libc++";
				CLANG_ENABLE_MODULES = YES;
				CLANG_ENABLE_OBJC_ARC = YES;
				CLANG_WARN_BOOL_CONVERSION = YES;
				CLANG_WARN_CONSTANT_CONVERSION = YES;
				CLANG_WARN_DIRECT_OBJC_ISA_USAGE = YES_ERROR;
				CLANG_WARN_EMPTY_BODY = YES;
				CLANG_WARN_ENUM_CONVERSION = YES;
				CLANG_WARN_INT_CONVERSION = YES;
				CLANG_WARN_OBJC_ROOT_CLASS = YES_ERROR;
				CLANG_WARN_UNREACHABLE_CODE = YES;
				CLANG_WARN__DUPLICATE_METHOD_MATCH = YES;
				"CODE_SIGN_IDENTITY[sdk=iphoneos*]" = "iPhone Developer";
				COPY_PHASE_STRIP = NO;
				DEBUG_INFORMATION_FORMAT = "dwarf-with-dsym";
				ENABLE_NS_ASSERTIONS = NO;
				ENABLE_STRICT_OBJC_MSGSEND = YES;
				GCC_C_LANGUAGE_STANDARD = gnu99;
				GCC_NO_COMMON_BLOCKS = YES;
				GCC_WARN_64_TO_32_BIT_CONVERSION = YES;
				GCC_WARN_ABOUT_RETURN_TYPE = YES_ERROR;
				GCC_WARN_UNDECLARED_SELECTOR = YES;
				GCC_WARN_UNINITIALIZED_AUTOS = YES_AGGRESSIVE;
				GCC_WARN_UNUSED_FUNCTION = YES;
				GCC_WARN_UNUSED_VARIABLE = YES;
				IPHONEOS_DEPLOYMENT_TARGET = 8.3;
				MTL_ENABLE_DEBUG_INFO = NO;
				SDKROOT = iphoneos;
				VALIDATE_PRODUCT = YES;
			};
			name = Release;
		};
		7FA5A50A1AE9993900836640 /* Debug */ = {
			isa = XCBuildConfiguration;
			buildSettings = {
				ASSETCATALOG_COMPILER_APPICON_NAME = AppIcon;
				INFOPLIST_FILE = "Pitch Perfect/Info.plist";
				LD_RUNPATH_SEARCH_PATHS = "$(inherited) @executable_path/Frameworks";
				PRODUCT_NAME = "$(TARGET_NAME)";
			};
			name = Debug;
		};
		7FA5A50B1AE9993900836640 /* Release */ = {
			isa = XCBuildConfiguration;
			buildSettings = {
				ASSETCATALOG_COMPILER_APPICON_NAME = AppIcon;
				INFOPLIST_FILE = "Pitch Perfect/Info.plist";
				LD_RUNPATH_SEARCH_PATHS = "$(inherited) @executable_path/Frameworks";
				PRODUCT_NAME = "$(TARGET_NAME)";
			};
			name = Release;
		};
		7FA5A50D1AE9993900836640 /* Debug */ = {
			isa = XCBuildConfiguration;
			buildSettings = {
				BUNDLE_LOADER = "$(TEST_HOST)";
				FRAMEWORK_SEARCH_PATHS = (
					"$(SDKROOT)/Developer/Library/Frameworks",
					"$(inherited)",
				);
				GCC_PREPROCESSOR_DEFINITIONS = (
					"DEBUG=1",
					"$(inherited)",
				);
				INFOPLIST_FILE = "Pitch PerfectTests/Info.plist";
				LD_RUNPATH_SEARCH_PATHS = "$(inherited) @executable_path/Frameworks @loader_path/Frameworks";
				PRODUCT_NAME = "$(TARGET_NAME)";
				TEST_HOST = "$(BUILT_PRODUCTS_DIR)/Pitch Perfect.app/Pitch Perfect";
			};
			name = Debug;
		};
		7FA5A50E1AE9993900836640 /* Release */ = {
			isa = XCBuildConfiguration;
			buildSettings = {
				BUNDLE_LOADER = "$(TEST_HOST)";
				FRAMEWORK_SEARCH_PATHS = (
					"$(SDKROOT)/Developer/Library/Frameworks",
					"$(inherited)",
				);
				INFOPLIST_FILE = "Pitch PerfectTests/Info.plist";
				LD_RUNPATH_SEARCH_PATHS = "$(inherited) @executable_path/Frameworks @loader_path/Frameworks";
				PRODUCT_NAME = "$(TARGET_NAME)";
				TEST_HOST = "$(BUILT_PRODUCTS_DIR)/Pitch Perfect.app/Pitch Perfect";
			};
			name = Release;
		};
/* End XCBuildConfiguration section */

/* Begin XCConfigurationList section */
		7FA5A4E51AE9993900836640 /* Build configuration list for PBXProject "Pitch Perfect" */ = {
			isa = XCConfigurationList;
			buildConfigurations = (
				7FA5A5071AE9993900836640 /* Debug */,
				7FA5A5081AE9993900836640 /* Release */,
			);
			defaultConfigurationIsVisible = 0;
			defaultConfigurationName = Release;
		};
		7FA5A5091AE9993900836640 /* Build configuration list for PBXNativeTarget "Pitch Perfect" */ = {
			isa = XCConfigurationList;
			buildConfigurations = (
				7FA5A50A1AE9993900836640 /* Debug */,
				7FA5A50B1AE9993900836640 /* Release */,
			);
			defaultConfigurationIsVisible = 0;
			defaultConfigurationName = Release;
		};
		7FA5A50C1AE9993900836640 /* Build configuration list for PBXNativeTarget "Pitch PerfectTests" */ = {
			isa = XCConfigurationList;
			buildConfigurations = (
				7FA5A50D1AE9993900836640 /* Debug */,
				7FA5A50E1AE9993900836640 /* Release */,
			);
			defaultConfigurationIsVisible = 0;
			defaultConfigurationName = Release;
		};
/* End XCConfigurationList section */
	};
	rootObject = 7FA5A4E21AE9993900836640 /* Project object */;
}
